Microsoft Visual Studio Solution File, Format Version 11.00
# Visual Studio 2008

Project("{BE4E6A42-16CE-7DA2-95D4-3B47FA4DA7E7}") = "Rapid Roll", "Assembly-CSharp.csproj", "{2ADFAECF-8731-43BA-5B2B-1167631E61B7}"
EndProject
Global
	GlobalSection(SolutionConfigurationPlatforms) = preSolution
		Debug|Any CPU = Debug|Any CPU
		Release|Any CPU = Release|Any CPU
	EndGlobalSection
	GlobalSection(ProjectConfigurationPlatforms) = postSolution
		{2ADFAECF-8731-43BA-5B2B-1167631E61B7}.Debug|Any CPU.ActiveCfg = Debug|Any CPU
		{2ADFAECF-8731-43BA-5B2B-1167631E61B7}.Debug|Any CPU.Build.0 = Debug|Any CPU
		{2ADFAECF-8731-43BA-5B2B-1167631E61B7}.Release|Any CPU.ActiveCfg = Release|Any CPU
		{2ADFAECF-8731-43BA-5B2B-1167631E61B7}.Release|Any CPU.Build.0 = Release|Any CPU
	EndGlobalSection
	GlobalSection(SolutionProperties) = preSolution
		HideSolutionNode = FALSE
	EndGlobalSection
	GlobalSection(MonoDevelopProperties) = preSolution
		StartupItem = Assembly-CSharp.csproj
	EndGlobalSection
EndGlobal
