
Microsoft Visual Studio Solution File, Format Version 11.00
# Visual Studio 2010
Project("{FAE04EC0-301F-11D3-BF4B-00C04F79EFBC}") = "Rapid Roll", "Assembly-CSharp.csproj", "{2ADFAECF-8731-43BA-5B2B-1167631E61B7}"
EndProject
Project("{FAE04EC0-301F-11D3-BF4B-00C04F79EFBC}") = "Rapid Roll", "Assembly-CSharp-Editor-firstpass.csproj", "{AD322D08-AC7E-DD98-FD80-FD4BE477E036}"
EndProject
Global
	GlobalSection(SolutionConfigurationPlatforms) = preSolution
		Debug|Any CPU = Debug|Any CPU
		Release|Any CPU = Release|Any CPU
	EndGlobalSection
	GlobalSection(ProjectConfigurationPlatforms) = postSolution
		{2ADFAECF-8731-43BA-5B2B-1167631E61B7}.Debug|Any CPU.ActiveCfg = Debug|Any CPU
		{2ADFAECF-8731-43BA-5B2B-1167631E61B7}.Debug|Any CPU.Build.0 = Debug|Any CPU
		{2ADFAECF-8731-43BA-5B2B-1167631E61B7}.Release|Any CPU.ActiveCfg = Release|Any CPU
		{2ADFAECF-8731-43BA-5B2B-1167631E61B7}.Release|Any CPU.Build.0 = Release|Any CPU
		{AD322D08-AC7E-DD98-FD80-FD4BE477E036}.Debug|Any CPU.ActiveCfg = Debug|Any CPU
		{AD322D08-AC7E-DD98-FD80-FD4BE477E036}.Debug|Any CPU.Build.0 = Debug|Any CPU
		{AD322D08-AC7E-DD98-FD80-FD4BE477E036}.Release|Any CPU.ActiveCfg = Release|Any CPU
		{AD322D08-AC7E-DD98-FD80-FD4BE477E036}.Release|Any CPU.Build.0 = Release|Any CPU
	EndGlobalSection
	GlobalSection(SolutionProperties) = preSolution
		HideSolutionNode = FALSE
	EndGlobalSection
	GlobalSection(MonoDevelopProperties) = preSolution
		StartupItem = Assembly-CSharp.csproj
	EndGlobalSection
EndGlobal
